
Microsoft Visual Studio Solution File, Format Version 12.00
# Visual Studio Version 16
VisualStudioVersion = 16.0.28803.452
MinimumVisualStudioVersion = 10.0.40219.1
Project("{FAE04EC0-301F-11D3-BF4B-00C04F79EFBC}") = "exempleConsoleApp", "exempleConsoleApp\exempleConsoleApp.csproj", "{ED63667F-2D4C-49FC-AEAB-7EDC4B083598}"
EndProject
Global
	GlobalSection(SolutionConfigurationPlatforms) = preSolution
		Debug|Any CPU = Debug|Any CPU
		Release|Any CPU = Release|Any CPU
	EndGlobalSection
	GlobalSection(ProjectConfigurationPlatforms) = postSolution
		{ED63667F-2D4C-49FC-AEAB-7EDC4B083598}.Debug|Any CPU.ActiveCfg = Debug|Any CPU
		{ED63667F-2D4C-49FC-AEAB-7EDC4B083598}.Debug|Any CPU.Build.0 = Debug|Any CPU
		{ED63667F-2D4C-49FC-AEAB-7EDC4B083598}.Release|Any CPU.ActiveCfg = Release|Any CPU
		{ED63667F-2D4C-49FC-AEAB-7EDC4B083598}.Release|Any CPU.Build.0 = Release|Any CPU
	EndGlobalSection
	GlobalSection(SolutionProperties) = preSolution
		HideSolutionNode = FALSE
	EndGlobalSection
	GlobalSection(ExtensibilityGlobals) = postSolution
		SolutionGuid = {CBFB7ACF-F7A0-4B1B-A057-7E040CD96CAF}
	EndGlobalSection
EndGlobal
